
Microsoft Visual Studio Solution File, Format Version 12.00
# Visual Studio Version 17
VisualStudioVersion = 17.6.33829.357
MinimumVisualStudioVersion = 10.0.40219.1
Project("{FAE04EC0-301F-11D3-BF4B-00C04F79EFBC}") = "DemoDigitalOcean", "DemoDigitalOcean\DemoDigitalOcean.csproj", "{B8B81C3A-74C4-4200-84D7-A49B5D955B7F}"
EndProject
Global
	GlobalSection(SolutionConfigurationPlatforms) = preSolution
		Debug|Any CPU = Debug|Any CPU
		Release|Any CPU = Release|Any CPU
	EndGlobalSection
	GlobalSection(ProjectConfigurationPlatforms) = postSolution
		{B8B81C3A-74C4-4200-84D7-A49B5D955B7F}.Debug|Any CPU.ActiveCfg = Debug|Any CPU
		{B8B81C3A-74C4-4200-84D7-A49B5D955B7F}.Debug|Any CPU.Build.0 = Debug|Any CPU
		{B8B81C3A-74C4-4200-84D7-A49B5D955B7F}.Release|Any CPU.ActiveCfg = Release|Any CPU
		{B8B81C3A-74C4-4200-84D7-A49B5D955B7F}.Release|Any CPU.Build.0 = Release|Any CPU
	EndGlobalSection
	GlobalSection(SolutionProperties) = preSolution
		HideSolutionNode = FALSE
	EndGlobalSection
	GlobalSection(ExtensibilityGlobals) = postSolution
		SolutionGuid = {68B57DD8-C35A-435C-8F9E-F9E15592E51F}
	EndGlobalSection
EndGlobal
